# @generated - this file is auto-generated by `mise lock` https://mise.en.dev/dev-tools/mise-lock.html

[[tools.actionlint]]
version = "1.7.12"
backend = "aqua:rhysd/actionlint"

[tools.actionlint."platforms.linux-arm64"]
checksum = "sha256:325e971b6ba9bfa504672e29be93c24981eeb1c07576d730e9f7c8805afff0c6"
url = "https://github.com/rhysd/actionlint/releases/download/v1.7.12/actionlint_1.7.12_linux_arm64.tar.gz"
provenance = "github-attestations"

[tools.actionlint."platforms.linux-arm64-musl"]
checksum = "sha256:325e971b6ba9bfa504672e29be93c24981eeb1c07576d730e9f7c8805afff0c6"
url = "https://github.com/rhysd/actionlint/releases/download/v1.7.12/actionlint_1.7.12_linux_arm64.tar.gz"
provenance = "github-attestations"

[tools.actionlint."platforms.linux-x64"]
checksum = "sha256:8aca8db96f1b94770f1b0d72b6dddcb1ebb8123cb3712530b08cc387b349a3d8"
url = "https://github.com/rhysd/actionlint/releases/download/v1.7.12/actionlint_1.7.12_linux_amd64.tar.gz"
provenance = "github-attestations"

[tools.actionlint."platforms.linux-x64-musl"]
checksum = "sha256:8aca8db96f1b94770f1b0d72b6dddcb1ebb8123cb3712530b08cc387b349a3d8"
url = "https://github.com/rhysd/actionlint/releases/download/v1.7.12/actionlint_1.7.12_linux_amd64.tar.gz"
provenance = "github-attestations"

[tools.actionlint."platforms.macos-arm64"]
checksum = "sha256:aba9ced2dee8d27fecca3dc7feb1a7f9a52caefa1eb46f3271ea66b6e0e6953f"
url = "https://github.com/rhysd/actionlint/releases/download/v1.7.12/actionlint_1.7.12_darwin_arm64.tar.gz"
provenance = "github-attestations"

[tools.actionlint."platforms.macos-x64"]
checksum = "sha256:5b44c3bc2255115c9b69e30efc0fecdf498fdb63c5d58e17084fd5f16324c644"
url = "https://github.com/rhysd/actionlint/releases/download/v1.7.12/actionlint_1.7.12_darwin_amd64.tar.gz"
provenance = "github-attestations"

[tools.actionlint."platforms.windows-x64"]
checksum = "sha256:6e7241b51e6817ea6a047693d8e6fed13b31819c9a0dd6c5a726e1592d22f6e9"
url = "https://github.com/rhysd/actionlint/releases/download/v1.7.12/actionlint_1.7.12_windows_amd64.zip"
provenance = "github-attestations"

[[tools.go]]
version = "1.23.12"
backend = "core:go"

[tools.go."platforms.linux-arm64"]
checksum = "sha256:52ce172f96e21da53b1ae9079808560d49b02ac86cecfa457217597f9bc28ab3"
url = "https://dl.google.com/go/go1.23.12.linux-arm64.tar.gz"

[tools.go."platforms.linux-arm64-musl"]
checksum = "sha256:52ce172f96e21da53b1ae9079808560d49b02ac86cecfa457217597f9bc28ab3"
url = "https://dl.google.com/go/go1.23.12.linux-arm64.tar.gz"

[tools.go."platforms.linux-x64"]
checksum = "sha256:d3847fef834e9db11bf64e3fb34db9c04db14e068eeb064f49af747010454f90"
url = "https://dl.google.com/go/go1.23.12.linux-amd64.tar.gz"

[tools.go."platforms.linux-x64-musl"]
checksum = "sha256:d3847fef834e9db11bf64e3fb34db9c04db14e068eeb064f49af747010454f90"
url = "https://dl.google.com/go/go1.23.12.linux-amd64.tar.gz"

[tools.go."platforms.macos-arm64"]
checksum = "sha256:5bfa117e401ae64e7ffb960243c448b535fe007e682a13ff6c7371f4a6f0ccaa"
url = "https://dl.google.com/go/go1.23.12.darwin-arm64.tar.gz"

[tools.go."platforms.macos-x64"]
checksum = "sha256:0f6efdc3ffc6f03b230016acca0aef43c229de022d0ff401e7aa4ad4862eca8e"
url = "https://dl.google.com/go/go1.23.12.darwin-amd64.tar.gz"

[tools.go."platforms.windows-x64"]
checksum = "sha256:07c35866cdd864b81bb6f1cfbf25ac7f87ddc3a976ede1bf5112acbb12dfe6dc"
url = "https://dl.google.com/go/go1.23.12.windows-amd64.zip"

[[tools.gofumpt]]
version = "0.7.0"
backend = "aqua:mvdan/gofumpt"

[tools.gofumpt."platforms.linux-arm64"]
checksum = "sha256:00c18c88ef50437629626ba20d677f4648684cb280952814cdd887677d42cbd3"
url = "https://github.com/mvdan/gofumpt/releases/download/v0.7.0/gofumpt_v0.7.0_linux_arm64"

[tools.gofumpt."platforms.linux-arm64-musl"]
checksum = "sha256:00c18c88ef50437629626ba20d677f4648684cb280952814cdd887677d42cbd3"
url = "https://github.com/mvdan/gofumpt/releases/download/v0.7.0/gofumpt_v0.7.0_linux_arm64"

[tools.gofumpt."platforms.linux-x64"]
checksum = "sha256:6ff459c1dcae3b0b00844c1a5a4a5b0f547237d8a4f3624aaea8d424aeef24c6"
url = "https://github.com/mvdan/gofumpt/releases/download/v0.7.0/gofumpt_v0.7.0_linux_amd64"

[tools.gofumpt."platforms.linux-x64-musl"]
checksum = "sha256:6ff459c1dcae3b0b00844c1a5a4a5b0f547237d8a4f3624aaea8d424aeef24c6"
url = "https://github.com/mvdan/gofumpt/releases/download/v0.7.0/gofumpt_v0.7.0_linux_amd64"

[tools.gofumpt."platforms.macos-arm64"]
checksum = "sha256:08f23114760a090b090706d92b8c52b9875b9eb352d76c77aa354d6aa20b045a"
url = "https://github.com/mvdan/gofumpt/releases/download/v0.7.0/gofumpt_v0.7.0_darwin_arm64"

[tools.gofumpt."platforms.macos-x64"]
checksum = "sha256:b7d05e092da45c5ec96344ab635b1d6547c3e27c840ba39bc76989934efd7ce3"
url = "https://github.com/mvdan/gofumpt/releases/download/v0.7.0/gofumpt_v0.7.0_darwin_amd64"

[tools.gofumpt."platforms.windows-x64"]
checksum = "sha256:65f5b9ea7723aa936fa6880e184624747e9e6481802b62d4cb5b774ef2350cec"
url = "https://github.com/mvdan/gofumpt/releases/download/v0.7.0/gofumpt_v0.7.0_windows_amd64.exe"

[[tools.ktlint]]
version = "1.5.0"
backend = "aqua:pinterest/ktlint"

[tools.ktlint."platforms.linux-arm64"]
url = "https://github.com/pinterest/ktlint/releases/download/1.5.0/ktlint-1.5.0.zip"

[tools.ktlint."platforms.linux-arm64-musl"]
url = "https://github.com/pinterest/ktlint/releases/download/1.5.0/ktlint-1.5.0.zip"

[tools.ktlint."platforms.linux-x64"]
url = "https://github.com/pinterest/ktlint/releases/download/1.5.0/ktlint-1.5.0.zip"

[tools.ktlint."platforms.linux-x64-musl"]
url = "https://github.com/pinterest/ktlint/releases/download/1.5.0/ktlint-1.5.0.zip"

[tools.ktlint."platforms.macos-arm64"]
url = "https://github.com/pinterest/ktlint/releases/download/1.5.0/ktlint-1.5.0.zip"

[tools.ktlint."platforms.macos-x64"]
url = "https://github.com/pinterest/ktlint/releases/download/1.5.0/ktlint-1.5.0.zip"

[tools.ktlint."platforms.windows-x64"]
url = "https://github.com/pinterest/ktlint/releases/download/1.5.0/ktlint-1.5.0.zip"

[[tools.node]]
version = "26.1.0"
backend = "core:node"

[tools.node."platforms.linux-arm64"]
checksum = "sha256:fcb4c339eef70c909cae72091008a6497278e2d0fcd221c0653068cf4ea4f0c7"
url = "https://nodejs.org/dist/v26.1.0/node-v26.1.0-linux-arm64.tar.gz"

[tools.node."platforms.linux-arm64-musl"]
checksum = "sha256:7ced1d983bbb9245c97dbc7de329663da49bd88aca6f7baaed9baf2f6fac7d33"
url = "https://unofficial-builds.nodejs.org/download/release/v26.1.0/node-v26.1.0-linux-arm64-musl.tar.gz"

[tools.node."platforms.linux-x64"]
checksum = "sha256:62d555c329e05e3625109f2e3a8b5195b368d5ef38266292469d32f63cd98ffd"
url = "https://nodejs.org/dist/v26.1.0/node-v26.1.0-linux-x64.tar.gz"

[tools.node."platforms.linux-x64-musl"]
checksum = "sha256:e302e820cea1007dfe68f5faaa23c8ed5a7099ad48cf068d6debf3d4958faaef"
url = "https://unofficial-builds.nodejs.org/download/release/v26.1.0/node-v26.1.0-linux-x64-musl.tar.gz"

[tools.node."platforms.macos-arm64"]
checksum = "sha256:91063f665c2f5d6e69e4f8fcb66d3d476bc2785ace82267274bf4da789985ceb"
url = "https://nodejs.org/dist/v26.1.0/node-v26.1.0-darwin-arm64.tar.gz"

[tools.node."platforms.macos-x64"]
checksum = "sha256:33519b28a352de668ab0a2a64366db032a45cb629d5353f86e4576e2780f4fcf"
url = "https://nodejs.org/dist/v26.1.0/node-v26.1.0-darwin-x64.tar.gz"

[tools.node."platforms.windows-x64"]
checksum = "sha256:089a02c4c687451c9f0b7f1bfd252dae85a7ba27df0295a14096bdcc956fdc92"
url = "https://nodejs.org/dist/v26.1.0/node-v26.1.0-win-x64.zip"

[[tools.pnpm]]
version = "11.1.0"
backend = "aqua:pnpm/pnpm"

[tools.pnpm."platforms.linux-arm64"]
checksum = "sha256:bd1e1fbe6a850994f3e02a71b7ac928fc5544f3414cd880bd0e8f49e721a447e"
url = "https://github.com/pnpm/pnpm/releases/download/v11.1.0/pnpm-linux-arm64.tar.gz"
provenance = "github-attestations"

[tools.pnpm."platforms.linux-arm64-musl"]
checksum = "sha256:971f8b4c364b0e9b5173696a2eff5f284deb12f973702930c7316e71b418d37b"
url = "https://github.com/pnpm/pnpm/releases/download/v11.1.0/pnpm-linux-arm64-musl.tar.gz"
provenance = "github-attestations"

[tools.pnpm."platforms.linux-x64"]
checksum = "sha256:f8da71d8f9440b31d3a62edb2d910e7c4148b32767d8f203a514db82ea7dbe5f"
url = "https://github.com/pnpm/pnpm/releases/download/v11.1.0/pnpm-linux-x64.tar.gz"
provenance = "github-attestations"

[tools.pnpm."platforms.linux-x64-musl"]
checksum = "sha256:75c11bfc33de1d6eed6e4a493d73536fa6fb53c60fcb616d751998a82883aab2"
url = "https://github.com/pnpm/pnpm/releases/download/v11.1.0/pnpm-linux-x64-musl.tar.gz"
provenance = "github-attestations"

[tools.pnpm."platforms.macos-arm64"]
checksum = "sha256:b903516ec352ce699f5db0fe3a9180762e4eeb07f99883288850bf542e8812df"
url = "https://github.com/pnpm/pnpm/releases/download/v11.1.0/pnpm-darwin-arm64.tar.gz"
provenance = "github-attestations"

[tools.pnpm."platforms.windows-x64"]
checksum = "sha256:0e21b395e7a8cf064be1058d29714a6756bbb464e51264aba0cbdc23c8419fec"
url = "https://github.com/pnpm/pnpm/releases/download/v11.1.0/pnpm-win32-x64.zip"
provenance = "github-attestations"

[[tools.python]]
version = "3.13.13"
backend = "core:python"

[tools.python."platforms.linux-arm64"]
checksum = "sha256:67c837838c56a7d16187d1be9fad326a617e0b1ee2687e1a0dda0c85053dac33"
url = "https://github.com/astral-sh/python-build-standalone/releases/download/20260510/cpython-3.13.13+20260510-aarch64-unknown-linux-gnu-install_only_stripped.tar.gz"
provenance = "github-attestations"

[tools.python."platforms.linux-arm64-musl"]
checksum = "sha256:4e70519d1ba091c3c4208bc62ff628430e862df2c1c50da1e8a3b743f2dd3a4e"
url = "https://github.com/astral-sh/python-build-standalone/releases/download/20260510/cpython-3.13.13+20260510-aarch64-unknown-linux-musl-install_only_stripped.tar.gz"
provenance = "github-attestations"

[tools.python."platforms.linux-x64"]
checksum = "sha256:bbe27549e475fe5f22d42a8e0d553dc79d80d8a00e05712599637857d287360e"
url = "https://github.com/astral-sh/python-build-standalone/releases/download/20260510/cpython-3.13.13+20260510-x86_64-unknown-linux-gnu-install_only_stripped.tar.gz"
provenance = "github-attestations"

[tools.python."platforms.linux-x64-musl"]
checksum = "sha256:e3de90fc95aab2531c7f67934919491bb36d67db1fca881c585a3b9a85f19dba"
url = "https://github.com/astral-sh/python-build-standalone/releases/download/20260510/cpython-3.13.13+20260510-x86_64-unknown-linux-musl-install_only_stripped.tar.gz"
provenance = "github-attestations"

[tools.python."platforms.macos-arm64"]
checksum = "sha256:16d2332d950178968534e65fe09f01f876d13af1147176fd0c77a74c9e4d1a4b"
url = "https://github.com/astral-sh/python-build-standalone/releases/download/20260510/cpython-3.13.13+20260510-aarch64-apple-darwin-install_only_stripped.tar.gz"
provenance = "github-attestations"

[tools.python."platforms.macos-x64"]
checksum = "sha256:8937475b0b8536d391270da4510488cb41ecd21040b63f9d8f84a8b1cdd491fc"
url = "https://github.com/astral-sh/python-build-standalone/releases/download/20260510/cpython-3.13.13+20260510-x86_64-apple-darwin-install_only_stripped.tar.gz"
provenance = "github-attestations"

[tools.python."platforms.windows-x64"]
checksum = "sha256:e1d52e7b6707a04942970e120c298f0cfa36c138177ae4d5d5ea176f6a3cd834"
url = "https://github.com/astral-sh/python-build-standalone/releases/download/20260510/cpython-3.13.13+20260510-x86_64-pc-windows-msvc-install_only_stripped.tar.gz"
provenance = "github-attestations"

[[tools.ruby]]
version = "3.3.5"
backend = "core:ruby"

[tools.ruby."platforms.linux-arm64"]
checksum = "sha256:3c3515ea3b30c102055155874ace72cb33b9cf6625316bcee23579f1b5a71602"
url = "https://github.com/jdx/ruby/releases/download/3.3.5/ruby-3.3.5.arm64_linux.tar.gz"
provenance = "github-attestations"

[tools.ruby."platforms.linux-arm64-musl"]
checksum = "sha256:3c3515ea3b30c102055155874ace72cb33b9cf6625316bcee23579f1b5a71602"
url = "https://github.com/jdx/ruby/releases/download/3.3.5/ruby-3.3.5.arm64_linux.tar.gz"
provenance = "github-attestations"

[tools.ruby."platforms.linux-x64"]
checksum = "sha256:3baeb46cc765c3456fbea7433f607de27c8c2ca96857514f36d00149d5085c6f"
url = "https://github.com/jdx/ruby/releases/download/3.3.5/ruby-3.3.5.x86_64_linux.tar.gz"
provenance = "github-attestations"

[tools.ruby."platforms.linux-x64-musl"]
checksum = "sha256:3baeb46cc765c3456fbea7433f607de27c8c2ca96857514f36d00149d5085c6f"
url = "https://github.com/jdx/ruby/releases/download/3.3.5/ruby-3.3.5.x86_64_linux.tar.gz"
provenance = "github-attestations"

[tools.ruby."platforms.macos-arm64"]
checksum = "sha256:261980a619ce43e4e815ad239595af8a89b792e6b57157e979ff3c9517c3ed7a"
url = "https://github.com/jdx/ruby/releases/download/3.3.5/ruby-3.3.5.macos.tar.gz"
provenance = "github-attestations"

[tools.ruby."platforms.macos-x64"]
checksum = "sha256:3781a3504222c2f26cb4b9eb9c1a12dbf4944d366ce24a9ff8cf99ecbce75196"
url = "https://cache.ruby-lang.org/pub/ruby/3.3/ruby-3.3.5.tar.gz"

[tools.ruby."platforms.windows-x64"]
url = "https://github.com/oneclick/rubyinstaller2/releases/download/RubyInstaller-3.3.5-1/rubyinstaller-3.3.5-1-x64.7z"

[[tools.ruff]]
version = "0.7.4"
backend = "aqua:astral-sh/ruff"

[tools.ruff."platforms.linux-arm64"]
checksum = "sha256:329ddf6bb4f34fbcba273ecb1460280aa2ad92150a94f58110861b3c4453ce35"
url = "https://github.com/astral-sh/ruff/releases/download/0.7.4/ruff-aarch64-unknown-linux-musl.tar.gz"

[tools.ruff."platforms.linux-arm64-musl"]
checksum = "sha256:329ddf6bb4f34fbcba273ecb1460280aa2ad92150a94f58110861b3c4453ce35"
url = "https://github.com/astral-sh/ruff/releases/download/0.7.4/ruff-aarch64-unknown-linux-musl.tar.gz"

[tools.ruff."platforms.linux-x64"]
checksum = "sha256:38ff38639f33764acf2cf3c3252e2a214b7f5fedafa67c50909926297dba9229"
url = "https://github.com/astral-sh/ruff/releases/download/0.7.4/ruff-x86_64-unknown-linux-musl.tar.gz"

[tools.ruff."platforms.linux-x64-musl"]
checksum = "sha256:38ff38639f33764acf2cf3c3252e2a214b7f5fedafa67c50909926297dba9229"
url = "https://github.com/astral-sh/ruff/releases/download/0.7.4/ruff-x86_64-unknown-linux-musl.tar.gz"

[tools.ruff."platforms.macos-arm64"]
checksum = "sha256:af9583bff12afbca5d5670334e0187dd60c4d91bc71317d1b2dde70cb1200ba9"
url = "https://github.com/astral-sh/ruff/releases/download/0.7.4/ruff-aarch64-apple-darwin.tar.gz"

[tools.ruff."platforms.macos-x64"]
checksum = "sha256:9762afafafacd801eb95a086dcd3359075ab5cc4cd1371b7ff0550c44ac4e47c"
url = "https://github.com/astral-sh/ruff/releases/download/0.7.4/ruff-x86_64-apple-darwin.tar.gz"

[tools.ruff."platforms.windows-x64"]
checksum = "sha256:d6c1c7ecfcce022f87a172ed8586f068f616e9844d6ee5d2527dfcfb7348f45c"
url = "https://github.com/astral-sh/ruff/releases/download/0.7.4/ruff-x86_64-pc-windows-msvc.zip"

[[tools.shfmt]]
version = "3.10.0"
backend = "aqua:mvdan/sh"

[tools.shfmt."platforms.linux-arm64"]
checksum = "sha256:9d23013d56640e228732fd2a04a9ede0ab46bc2d764bf22a4a35fb1b14d707a8"
url = "https://github.com/mvdan/sh/releases/download/v3.10.0/shfmt_v3.10.0_linux_arm64"

[tools.shfmt."platforms.linux-arm64-musl"]
checksum = "sha256:9d23013d56640e228732fd2a04a9ede0ab46bc2d764bf22a4a35fb1b14d707a8"
url = "https://github.com/mvdan/sh/releases/download/v3.10.0/shfmt_v3.10.0_linux_arm64"

[tools.shfmt."platforms.linux-x64"]
checksum = "sha256:1f57a384d59542f8fac5f503da1f3ea44242f46dff969569e80b524d64b71dbc"
url = "https://github.com/mvdan/sh/releases/download/v3.10.0/shfmt_v3.10.0_linux_amd64"

[tools.shfmt."platforms.linux-x64-musl"]
checksum = "sha256:1f57a384d59542f8fac5f503da1f3ea44242f46dff969569e80b524d64b71dbc"
url = "https://github.com/mvdan/sh/releases/download/v3.10.0/shfmt_v3.10.0_linux_amd64"

[tools.shfmt."platforms.macos-arm64"]
checksum = "sha256:86030533a823c0a7cd92dee0f74094e5b901c3277b43def6337d5e19e56fe553"
url = "https://github.com/mvdan/sh/releases/download/v3.10.0/shfmt_v3.10.0_darwin_arm64"

[tools.shfmt."platforms.macos-x64"]
checksum = "sha256:ef8d970b3f695a7e8e7d40730eedd2d935ab9599f78a365f319c515bc59d4c83"
url = "https://github.com/mvdan/sh/releases/download/v3.10.0/shfmt_v3.10.0_darwin_amd64"

[tools.shfmt."platforms.windows-x64"]
checksum = "sha256:6e4c6acd38de7b4b1ba8f8082b9e688df8c9b861d3f8b2e7bb1b7270201a3587"
url = "https://github.com/mvdan/sh/releases/download/v3.10.0/shfmt_v3.10.0_windows_amd64.exe"

[[tools.swiftformat]]
version = "0.55.6"
backend = "github:nicklockwood/SwiftFormat"

[tools.swiftformat."platforms.linux-arm64"]
url = "https://github.com/nicklockwood/SwiftFormat/releases/download/0.55.6/swiftformat_linux_aarch64.zip"
url_api = "https://api.github.com/repos/nicklockwood/SwiftFormat/releases/assets/252039001"

[tools.swiftformat."platforms.linux-arm64-musl"]
url = "https://github.com/nicklockwood/SwiftFormat/releases/download/0.55.6/swiftformat_linux_aarch64.zip"
url_api = "https://api.github.com/repos/nicklockwood/SwiftFormat/releases/assets/252039001"

[tools.swiftformat."platforms.linux-x64"]
url = "https://github.com/nicklockwood/SwiftFormat/releases/download/0.55.6/swiftformat_linux.zip"
url_api = "https://api.github.com/repos/nicklockwood/SwiftFormat/releases/assets/252038988"

[tools.swiftformat."platforms.linux-x64-musl"]
url = "https://github.com/nicklockwood/SwiftFormat/releases/download/0.55.6/swiftformat_linux.zip"
url_api = "https://api.github.com/repos/nicklockwood/SwiftFormat/releases/assets/252038988"

[tools.swiftformat."platforms.macos-arm64"]
url = "https://github.com/nicklockwood/SwiftFormat/releases/download/0.55.6/swiftformat.zip"
url_api = "https://api.github.com/repos/nicklockwood/SwiftFormat/releases/assets/251415256"

[tools.swiftformat."platforms.macos-x64"]
url = "https://github.com/nicklockwood/SwiftFormat/releases/download/0.55.6/swiftformat.zip"
url_api = "https://api.github.com/repos/nicklockwood/SwiftFormat/releases/assets/251415256"

[tools.swiftformat."platforms.windows-x64"]
url = "https://github.com/nicklockwood/SwiftFormat/releases/download/0.55.6/SwiftFormat.amd64.msi"
url_api = "https://api.github.com/repos/nicklockwood/SwiftFormat/releases/assets/251573977"

[[tools.swiftlint]]
version = "0.57.1"
backend = "aqua:realm/SwiftLint"

[tools.swiftlint."platforms.linux-x64"]
url = "https://github.com/realm/SwiftLint/releases/download/0.57.1/swiftlint_linux.zip"

[tools.swiftlint."platforms.linux-x64-musl"]
url = "https://github.com/realm/SwiftLint/releases/download/0.57.1/swiftlint_linux.zip"

[tools.swiftlint."platforms.macos-arm64"]
url = "https://github.com/realm/SwiftLint/releases/download/0.57.1/portable_swiftlint.zip"

[tools.swiftlint."platforms.macos-x64"]
url = "https://github.com/realm/SwiftLint/releases/download/0.57.1/portable_swiftlint.zip"

[[tools.taplo]]
version = "0.10.0"
backend = "aqua:tamasfe/taplo"

[tools.taplo."platforms.linux-arm64"]
url = "https://github.com/tamasfe/taplo/releases/download/0.10.0/taplo-linux-aarch64.gz"

[tools.taplo."platforms.linux-arm64-musl"]
url = "https://github.com/tamasfe/taplo/releases/download/0.10.0/taplo-linux-aarch64.gz"

[tools.taplo."platforms.linux-x64"]
url = "https://github.com/tamasfe/taplo/releases/download/0.10.0/taplo-linux-x86_64.gz"

[tools.taplo."platforms.linux-x64-musl"]
url = "https://github.com/tamasfe/taplo/releases/download/0.10.0/taplo-linux-x86_64.gz"

[tools.taplo."platforms.macos-arm64"]
checksum = "blake3:353ecb1ed7d279dec5e2fd388d292ef97db08a651405fa664ffec1b2896c05f0"
url = "https://github.com/tamasfe/taplo/releases/download/0.10.0/taplo-darwin-aarch64.gz"

[tools.taplo."platforms.macos-x64"]
url = "https://github.com/tamasfe/taplo/releases/download/0.10.0/taplo-darwin-x86_64.gz"

[tools.taplo."platforms.windows-x64"]
url = "https://github.com/tamasfe/taplo/releases/download/0.10.0/taplo-windows-x86_64.zip"

[[tools.yamllint]]
version = "1.36.2"
backend = "pipx:yamllint"
